
Microsoft Visual Studio Solution File, Format Version 12.00
# Visual Studio Version 17
VisualStudioVersion = 17.5.33516.290
MinimumVisualStudioVersion = 10.0.40219.1
Project("{FAE04EC0-301F-11D3-BF4B-00C04F79EFBC}") = "TestingAppTest", "TestingAppTest\TestingAppTest.csproj", "{82B4388D-D4E9-48DC-BC46-F09F55D6FE3F}"
EndProject
Project("{FAE04EC0-301F-11D3-BF4B-00C04F79EFBC}") = "Runner", "Runner\Runner.csproj", "{658C5F42-B938-4DAA-BFD3-9F528FBDF985}"
EndProject
Global
	GlobalSection(SolutionConfigurationPlatforms) = preSolution
		Debug|Any CPU = Debug|Any CPU
		Release|Any CPU = Release|Any CPU
	EndGlobalSection
	GlobalSection(ProjectConfigurationPlatforms) = postSolution
		{82B4388D-D4E9-48DC-BC46-F09F55D6FE3F}.Debug|Any CPU.ActiveCfg = Debug|Any CPU
		{82B4388D-D4E9-48DC-BC46-F09F55D6FE3F}.Debug|Any CPU.Build.0 = Debug|Any CPU
		{82B4388D-D4E9-48DC-BC46-F09F55D6FE3F}.Release|Any CPU.ActiveCfg = Release|Any CPU
		{82B4388D-D4E9-48DC-BC46-F09F55D6FE3F}.Release|Any CPU.Build.0 = Release|Any CPU
		{658C5F42-B938-4DAA-BFD3-9F528FBDF985}.Debug|Any CPU.ActiveCfg = Debug|Any CPU
		{658C5F42-B938-4DAA-BFD3-9F528FBDF985}.Debug|Any CPU.Build.0 = Debug|Any CPU
		{658C5F42-B938-4DAA-BFD3-9F528FBDF985}.Release|Any CPU.ActiveCfg = Release|Any CPU
		{658C5F42-B938-4DAA-BFD3-9F528FBDF985}.Release|Any CPU.Build.0 = Release|Any CPU
	EndGlobalSection
	GlobalSection(SolutionProperties) = preSolution
		HideSolutionNode = FALSE
	EndGlobalSection
	GlobalSection(ExtensibilityGlobals) = postSolution
		SolutionGuid = {4A069161-A7D1-4FFC-B7C8-F44C89DA47CD}
	EndGlobalSection
EndGlobal
